
Microsoft Visual Studio Solution File, Format Version 12.00
# Visual Studio Version 16
VisualStudioVersion = 16.0.30621.155
MinimumVisualStudioVersion = 10.0.40219.1
Project("{FAE04EC0-301F-11D3-BF4B-00C04F79EFBC}") = "Li Music Player", "Li Music Player.csproj", "{B930A0D3-CFBF-4F38-9024-E007487D31A9}"
EndProject
Project("{54435603-DBB4-11D2-8724-00A0C9A8B90C}") = "Setup_LMPlayer", "..\Setup_LMPlayer\Setup_LMPlayer.vdproj", "{C5759601-A747-4331-9B74-10893B9630D6}"
EndProject
Global
	GlobalSection(SolutionConfigurationPlatforms) = preSolution
		Debug|Any CPU = Debug|Any CPU
		Release|Any CPU = Release|Any CPU
	EndGlobalSection
	GlobalSection(ProjectConfigurationPlatforms) = postSolution
		{B930A0D3-CFBF-4F38-9024-E007487D31A9}.Debug|Any CPU.ActiveCfg = Debug|Any CPU
		{B930A0D3-CFBF-4F38-9024-E007487D31A9}.Debug|Any CPU.Build.0 = Debug|Any CPU
		{B930A0D3-CFBF-4F38-9024-E007487D31A9}.Release|Any CPU.ActiveCfg = Release|Any CPU
		{B930A0D3-CFBF-4F38-9024-E007487D31A9}.Release|Any CPU.Build.0 = Release|Any CPU
		{C5759601-A747-4331-9B74-10893B9630D6}.Debug|Any CPU.ActiveCfg = Debug
		{C5759601-A747-4331-9B74-10893B9630D6}.Debug|Any CPU.Build.0 = Debug
		{C5759601-A747-4331-9B74-10893B9630D6}.Release|Any CPU.ActiveCfg = Release
	EndGlobalSection
	GlobalSection(SolutionProperties) = preSolution
		HideSolutionNode = FALSE
	EndGlobalSection
	GlobalSection(ExtensibilityGlobals) = postSolution
		SolutionGuid = {5E22EE93-C6E0-4F8C-9F9D-EF3620526277}
	EndGlobalSection
EndGlobal
